{
  "nodes": {
    "helium": {
      "inputs": {
        "nixpkgs": [
          "nixpkgs"
        ]
      },
      "locked": {
        "lastModified": 1787647203,
        "narHash": "sha256-iX/kNLJvk4UGaZzh7jl6qXHc6FcEEx5lIftYXSZGf/Q=",
        "owner": "oxcl",
        "repo": "nix-flake-helium-browser",
        "rev": "075ddbf8d88df883becff7915feb3ed25e1f5d04",
        "type": "github"
      },
      "original": {
        "owner": "oxcl",
        "repo": "nix-flake-helium-browser",
        "type": "github"
      }
    },
    "home-manager": {
      "inputs": {
        "nixpkgs": [
          "nixpkgs"
        ]
      },
      "locked": {
        "lastModified": 1787680808,
        "narHash": "sha256-9168tNt0NZdtlx5RM5huEuc9NCWMLACJA9O4UK/l2Zc=",
        "owner": "nix-community",
        "repo": "home-manager",
        "rev": "6840c9a8f50722944eb106ce8bb237c138584f2a",
        "type": "github"
      },
      "original": {
        "owner": "nix-community",
        "ref": "master",
        "repo": "home-manager",
        "type": "github"
      }
    },
    "nixpkgs": {
      "locked": {
        "lastModified": 1787498568,
        "narHash": "sha256-9i/VTdusq/+NM/tz+J1Re+ojkMB8MBf0QshnYfzHz30=",
        "owner": "nixos",
        "repo": "nixpkgs",
        "rev": "56c02bc00adcf003215cc4bd996d6efaf4cff188",
        "type": "github"
      },
      "original": {
        "owner": "nixos",
        "ref": "nixos-unstable",
        "repo": "nixpkgs",
        "type": "github"
      }
    },
    "root": {
      "inputs": {
        "helium": "helium",
        "home-manager": "home-manager",
        "nixpkgs": "nixpkgs"
      }
    }
  },
  "root": "root",
  "version": 7
}
